
Microsoft Visual Studio Solution File, Format Version 12.00
# Visual Studio Version 16
VisualStudioVersion = 16.0.29613.14
MinimumVisualStudioVersion = 10.0.40219.1
Project("{9A19103F-16F7-4668-BE54-9A1E7A4F7556}") = "NHS111.Business.CCG.Api", "NHS111.Business.CCG.Api\NHS111.Business.CCG.Api.csproj", "{878510CA-FDD2-40EC-8A87-EFBD4B73DC86}"
EndProject
Project("{9A19103F-16F7-4668-BE54-9A1E7A4F7556}") = "NHS111.Business.CCG", "NHS111.Business.CCG\NHS111.Business.CCG.csproj", "{1FBAEB37-0885-4604-A5AD-EA31FCBEB280}"
EndProject
Project("{9A19103F-16F7-4668-BE54-9A1E7A4F7556}") = "NHS111.Domain.CCG", "NHS111.Domain.CCG\NHS111.Domain.CCG.csproj", "{76BB5A12-6E20-4BCE-8E56-A0D66AF9EC59}"
EndProject
Project("{9A19103F-16F7-4668-BE54-9A1E7A4F7556}") = "NHS111.Business.CCG.Tests", "NHS111.Business.CCG.Tests\NHS111.Business.CCG.Tests.csproj", "{E24C7841-453E-4A2A-97E5-AF61323465CD}"
EndProject
Project("{9A19103F-16F7-4668-BE54-9A1E7A4F7556}") = "NHS111.Business.CCG.Api.Test", "NHS111.Business.CCG.Api.Test\NHS111.Business.CCG.Api.Test.csproj", "{668329FB-9F05-48CD-96F3-F0A95BB23BA0}"
EndProject
Project("{9A19103F-16F7-4668-BE54-9A1E7A4F7556}") = "NHS111.DataImport.CCG", "NHS111.DataImport.CCG\NHS111.DataImport.CCG.csproj", "{E1B034A7-E14E-4847-A545-6123B3FAEFBE}"
EndProject
Project("{9A19103F-16F7-4668-BE54-9A1E7A4F7556}") = "NHS111.Business.CCG.Api.Functional.Tests", "NHS111.Business.CCG.Api.Functional.Tests\NHS111.Business.CCG.Api.Functional.Tests.csproj", "{AD99FA6F-0C60-4B76-9A9C-212F7B7931F9}"
EndProject
Project("{9A19103F-16F7-4668-BE54-9A1E7A4F7556}") = "NHS111.Business.CCG.Functional.Tests.Tools", "NHS111.Business.CCG.Functional.Tests.Tools\NHS111.Business.CCG.Functional.Tests.Tools.csproj", "{A124EBA1-FE4D-4A73-A391-03AB34F3D1CE}"
EndProject
Project("{2150E333-8FDC-42A3-9474-1A3956D46DE8}") = "Tests", "Tests", "{200BD7CB-AC11-4E7D-A27C-52F55A39FE04}"
EndProject
Global
	GlobalSection(SolutionConfigurationPlatforms) = preSolution
		Debug|Any CPU = Debug|Any CPU
		Release|Any CPU = Release|Any CPU
	EndGlobalSection
	GlobalSection(ProjectConfigurationPlatforms) = postSolution
		{878510CA-FDD2-40EC-8A87-EFBD4B73DC86}.Debug|Any CPU.ActiveCfg = Debug|Any CPU
		{878510CA-FDD2-40EC-8A87-EFBD4B73DC86}.Debug|Any CPU.Build.0 = Debug|Any CPU
		{878510CA-FDD2-40EC-8A87-EFBD4B73DC86}.Release|Any CPU.ActiveCfg = Release|Any CPU
		{878510CA-FDD2-40EC-8A87-EFBD4B73DC86}.Release|Any CPU.Build.0 = Release|Any CPU
		{1FBAEB37-0885-4604-A5AD-EA31FCBEB280}.Debug|Any CPU.ActiveCfg = Debug|Any CPU
		{1FBAEB37-0885-4604-A5AD-EA31FCBEB280}.Debug|Any CPU.Build.0 = Debug|Any CPU
		{1FBAEB37-0885-4604-A5AD-EA31FCBEB280}.Release|Any CPU.ActiveCfg = Release|Any CPU
		{1FBAEB37-0885-4604-A5AD-EA31FCBEB280}.Release|Any CPU.Build.0 = Release|Any CPU
		{76BB5A12-6E20-4BCE-8E56-A0D66AF9EC59}.Debug|Any CPU.ActiveCfg = Debug|Any CPU
		{76BB5A12-6E20-4BCE-8E56-A0D66AF9EC59}.Debug|Any CPU.Build.0 = Debug|Any CPU
		{76BB5A12-6E20-4BCE-8E56-A0D66AF9EC59}.Release|Any CPU.ActiveCfg = Release|Any CPU
		{76BB5A12-6E20-4BCE-8E56-A0D66AF9EC59}.Release|Any CPU.Build.0 = Release|Any CPU
		{E24C7841-453E-4A2A-97E5-AF61323465CD}.Debug|Any CPU.ActiveCfg = Debug|Any CPU
		{E24C7841-453E-4A2A-97E5-AF61323465CD}.Debug|Any CPU.Build.0 = Debug|Any CPU
		{E24C7841-453E-4A2A-97E5-AF61323465CD}.Release|Any CPU.ActiveCfg = Release|Any CPU
		{E24C7841-453E-4A2A-97E5-AF61323465CD}.Release|Any CPU.Build.0 = Release|Any CPU
		{668329FB-9F05-48CD-96F3-F0A95BB23BA0}.Debug|Any CPU.ActiveCfg = Debug|Any CPU
		{668329FB-9F05-48CD-96F3-F0A95BB23BA0}.Debug|Any CPU.Build.0 = Debug|Any CPU
		{668329FB-9F05-48CD-96F3-F0A95BB23BA0}.Release|Any CPU.ActiveCfg = Release|Any CPU
		{668329FB-9F05-48CD-96F3-F0A95BB23BA0}.Release|Any CPU.Build.0 = Release|Any CPU
		{E1B034A7-E14E-4847-A545-6123B3FAEFBE}.Debug|Any CPU.ActiveCfg = Debug|Any CPU
		{E1B034A7-E14E-4847-A545-6123B3FAEFBE}.Debug|Any CPU.Build.0 = Debug|Any CPU
		{E1B034A7-E14E-4847-A545-6123B3FAEFBE}.Release|Any CPU.ActiveCfg = Release|Any CPU
		{E1B034A7-E14E-4847-A545-6123B3FAEFBE}.Release|Any CPU.Build.0 = Release|Any CPU
		{AD99FA6F-0C60-4B76-9A9C-212F7B7931F9}.Debug|Any CPU.ActiveCfg = Debug|Any CPU
		{AD99FA6F-0C60-4B76-9A9C-212F7B7931F9}.Debug|Any CPU.Build.0 = Debug|Any CPU
		{AD99FA6F-0C60-4B76-9A9C-212F7B7931F9}.Release|Any CPU.ActiveCfg = Release|Any CPU
		{AD99FA6F-0C60-4B76-9A9C-212F7B7931F9}.Release|Any CPU.Build.0 = Release|Any CPU
		{A124EBA1-FE4D-4A73-A391-03AB34F3D1CE}.Debug|Any CPU.ActiveCfg = Debug|Any CPU
		{A124EBA1-FE4D-4A73-A391-03AB34F3D1CE}.Debug|Any CPU.Build.0 = Debug|Any CPU
		{A124EBA1-FE4D-4A73-A391-03AB34F3D1CE}.Release|Any CPU.ActiveCfg = Release|Any CPU
		{A124EBA1-FE4D-4A73-A391-03AB34F3D1CE}.Release|Any CPU.Build.0 = Release|Any CPU
	EndGlobalSection
	GlobalSection(SolutionProperties) = preSolution
		HideSolutionNode = FALSE
	EndGlobalSection
	GlobalSection(NestedProjects) = preSolution
		{E24C7841-453E-4A2A-97E5-AF61323465CD} = {200BD7CB-AC11-4E7D-A27C-52F55A39FE04}
		{668329FB-9F05-48CD-96F3-F0A95BB23BA0} = {200BD7CB-AC11-4E7D-A27C-52F55A39FE04}
		{AD99FA6F-0C60-4B76-9A9C-212F7B7931F9} = {200BD7CB-AC11-4E7D-A27C-52F55A39FE04}
		{A124EBA1-FE4D-4A73-A391-03AB34F3D1CE} = {200BD7CB-AC11-4E7D-A27C-52F55A39FE04}
	EndGlobalSection
	GlobalSection(ExtensibilityGlobals) = postSolution
		SolutionGuid = {6E9B864F-C779-49D8-A696-0997D20B3703}
	EndGlobalSection
EndGlobal
